
Microsoft Visual Studio Solution File, Format Version 12.00
# Visual Studio 15
VisualStudioVersion = 15.0.28307.168
MinimumVisualStudioVersion = 10.0.40219.1
Project("{FAE04EC0-301F-11D3-BF4B-00C04F79EFBC}") = "workstationSimulator", "workstationSimulator\workstationSimulator.csproj", "{826376C0-F6A7-405D-AF07-5EDD55F4E955}"
EndProject
Global
	GlobalSection(SolutionConfigurationPlatforms) = preSolution
		Debug|Any CPU = Debug|Any CPU
		Release|Any CPU = Release|Any CPU
	EndGlobalSection
	GlobalSection(ProjectConfigurationPlatforms) = postSolution
		{826376C0-F6A7-405D-AF07-5EDD55F4E955}.Debug|Any CPU.ActiveCfg = Debug|Any CPU
		{826376C0-F6A7-405D-AF07-5EDD55F4E955}.Debug|Any CPU.Build.0 = Debug|Any CPU
		{826376C0-F6A7-405D-AF07-5EDD55F4E955}.Release|Any CPU.ActiveCfg = Release|Any CPU
		{826376C0-F6A7-405D-AF07-5EDD55F4E955}.Release|Any CPU.Build.0 = Release|Any CPU
	EndGlobalSection
	GlobalSection(SolutionProperties) = preSolution
		HideSolutionNode = FALSE
	EndGlobalSection
	GlobalSection(ExtensibilityGlobals) = postSolution
		SolutionGuid = {7CA5E464-845F-4016-9A25-DE13053D3166}
	EndGlobalSection
EndGlobal
